
Microsoft Visual Studio Solution File, Format Version 12.00
Project("{FAE04EC0-301F-11D3-BF4B-00C04F79EFBC}") = "Exercice1", "Exercice1\Exercice1.csproj", "{F3E78D32-9B59-44B0-9CC7-ECFE763B1298}"
EndProject
Project("{FAE04EC0-301F-11D3-BF4B-00C04F79EFBC}") = "WebApplication1", "WebApplication1\WebApplication1.csproj", "{65C19200-6D76-4ACD-BB90-D337C65A9D7E}"
EndProject
Project("{FAE04EC0-301F-11D3-BF4B-00C04F79EFBC}") = "Exercice2", "Exercice2\Exercice2.csproj", "{940F2096-0E15-4D78-8A33-976925A1C4D8}"
EndProject
Project("{FAE04EC0-301F-11D3-BF4B-00C04F79EFBC}") = "DockerComposeTest", "DockerComposeTest\DockerComposeTest.csproj", "{C3569071-486F-4623-8CAF-E1020837B730}"
EndProject
Global
	GlobalSection(SolutionConfigurationPlatforms) = preSolution
		Debug|Any CPU = Debug|Any CPU
		Release|Any CPU = Release|Any CPU
	EndGlobalSection
	GlobalSection(ProjectConfigurationPlatforms) = postSolution
		{F3E78D32-9B59-44B0-9CC7-ECFE763B1298}.Debug|Any CPU.ActiveCfg = Debug|Any CPU
		{F3E78D32-9B59-44B0-9CC7-ECFE763B1298}.Debug|Any CPU.Build.0 = Debug|Any CPU
		{F3E78D32-9B59-44B0-9CC7-ECFE763B1298}.Release|Any CPU.ActiveCfg = Release|Any CPU
		{F3E78D32-9B59-44B0-9CC7-ECFE763B1298}.Release|Any CPU.Build.0 = Release|Any CPU
		{65C19200-6D76-4ACD-BB90-D337C65A9D7E}.Debug|Any CPU.ActiveCfg = Debug|Any CPU
		{65C19200-6D76-4ACD-BB90-D337C65A9D7E}.Debug|Any CPU.Build.0 = Debug|Any CPU
		{65C19200-6D76-4ACD-BB90-D337C65A9D7E}.Release|Any CPU.ActiveCfg = Release|Any CPU
		{65C19200-6D76-4ACD-BB90-D337C65A9D7E}.Release|Any CPU.Build.0 = Release|Any CPU
		{940F2096-0E15-4D78-8A33-976925A1C4D8}.Debug|Any CPU.ActiveCfg = Debug|Any CPU
		{940F2096-0E15-4D78-8A33-976925A1C4D8}.Debug|Any CPU.Build.0 = Debug|Any CPU
		{940F2096-0E15-4D78-8A33-976925A1C4D8}.Release|Any CPU.ActiveCfg = Release|Any CPU
		{940F2096-0E15-4D78-8A33-976925A1C4D8}.Release|Any CPU.Build.0 = Release|Any CPU
		{C3569071-486F-4623-8CAF-E1020837B730}.Debug|Any CPU.ActiveCfg = Debug|Any CPU
		{C3569071-486F-4623-8CAF-E1020837B730}.Debug|Any CPU.Build.0 = Debug|Any CPU
		{C3569071-486F-4623-8CAF-E1020837B730}.Release|Any CPU.ActiveCfg = Release|Any CPU
		{C3569071-486F-4623-8CAF-E1020837B730}.Release|Any CPU.Build.0 = Release|Any CPU
	EndGlobalSection
EndGlobal
